
Microsoft Visual Studio Solution File, Format Version 12.00
# Visual Studio Version 16
VisualStudioVersion = 16.0.29215.179
MinimumVisualStudioVersion = 10.0.40219.1
Project("{FAE04EC0-301F-11D3-BF4B-00C04F79EFBC}") = "BullDozer", "BullDozer\BullDozer.csproj", "{AE4FA921-2C08-401F-A39A-43D80319320D}"
EndProject
Global
	GlobalSection(SolutionConfigurationPlatforms) = preSolution
		Debug|Any CPU = Debug|Any CPU
		Release|Any CPU = Release|Any CPU
	EndGlobalSection
	GlobalSection(ProjectConfigurationPlatforms) = postSolution
		{AE4FA921-2C08-401F-A39A-43D80319320D}.Debug|Any CPU.ActiveCfg = Debug|Any CPU
		{AE4FA921-2C08-401F-A39A-43D80319320D}.Debug|Any CPU.Build.0 = Debug|Any CPU
		{AE4FA921-2C08-401F-A39A-43D80319320D}.Release|Any CPU.ActiveCfg = Release|Any CPU
		{AE4FA921-2C08-401F-A39A-43D80319320D}.Release|Any CPU.Build.0 = Release|Any CPU
	EndGlobalSection
	GlobalSection(SolutionProperties) = preSolution
		HideSolutionNode = FALSE
	EndGlobalSection
	GlobalSection(ExtensibilityGlobals) = postSolution
		SolutionGuid = {226A9DB8-301D-4D76-A3EF-6A76BF128EF9}
	EndGlobalSection
EndGlobal
